
Microsoft Visual Studio Solution File, Format Version 12.00
# Visual Studio 15
VisualStudioVersion = 15.0.26730.15
MinimumVisualStudioVersion = 10.0.40219.1
Project("{FAE04EC0-301F-11D3-BF4B-00C04F79EFBC}") = "LexicaAnalyzer", "LexicaAnalyzer\LexicaAnalyzer.csproj", "{A795C0CD-32DB-40CA-99E4-B70E7B1C6AA3}"
EndProject
Global
	GlobalSection(SolutionConfigurationPlatforms) = preSolution
		Debug|Any CPU = Debug|Any CPU
		Release|Any CPU = Release|Any CPU
	EndGlobalSection
	GlobalSection(ProjectConfigurationPlatforms) = postSolution
		{A795C0CD-32DB-40CA-99E4-B70E7B1C6AA3}.Debug|Any CPU.ActiveCfg = Debug|Any CPU
		{A795C0CD-32DB-40CA-99E4-B70E7B1C6AA3}.Debug|Any CPU.Build.0 = Debug|Any CPU
		{A795C0CD-32DB-40CA-99E4-B70E7B1C6AA3}.Release|Any CPU.ActiveCfg = Release|Any CPU
		{A795C0CD-32DB-40CA-99E4-B70E7B1C6AA3}.Release|Any CPU.Build.0 = Release|Any CPU
	EndGlobalSection
	GlobalSection(SolutionProperties) = preSolution
		HideSolutionNode = FALSE
	EndGlobalSection
	GlobalSection(ExtensibilityGlobals) = postSolution
		SolutionGuid = {1175664C-FB90-4AF0-8633-65BBC82F7A92}
	EndGlobalSection
EndGlobal
